
Microsoft Visual Studio Solution File, Format Version 12.00
# Visual Studio Version 16
VisualStudioVersion = 16.0.29025.244
MinimumVisualStudioVersion = 10.0.40219.1
Project("{FAE04EC0-301F-11D3-BF4B-00C04F79EFBC}") = "Hola mundo", "Hola mundo\Hola mundo.csproj", "{F8166E99-74B8-415A-A563-DCC0D9CC8EAD}"
EndProject
Global
	GlobalSection(SolutionConfigurationPlatforms) = preSolution
		Debug|Any CPU = Debug|Any CPU
		Release|Any CPU = Release|Any CPU
	EndGlobalSection
	GlobalSection(ProjectConfigurationPlatforms) = postSolution
		{F8166E99-74B8-415A-A563-DCC0D9CC8EAD}.Debug|Any CPU.ActiveCfg = Debug|Any CPU
		{F8166E99-74B8-415A-A563-DCC0D9CC8EAD}.Debug|Any CPU.Build.0 = Debug|Any CPU
		{F8166E99-74B8-415A-A563-DCC0D9CC8EAD}.Release|Any CPU.ActiveCfg = Release|Any CPU
		{F8166E99-74B8-415A-A563-DCC0D9CC8EAD}.Release|Any CPU.Build.0 = Release|Any CPU
	EndGlobalSection
	GlobalSection(SolutionProperties) = preSolution
		HideSolutionNode = FALSE
	EndGlobalSection
	GlobalSection(ExtensibilityGlobals) = postSolution
		SolutionGuid = {B45EDCB3-5026-4E3A-A140-019CE273C982}
	EndGlobalSection
EndGlobal
